// !$*UTF8*$!
{
	archiveVersion = 1;
	classes = {
	};
	objectVersion = 55;
	objects = {

/* Begin PBXBuildFile section */
		E38CFB5D282D633500C8B74D /* AppDelegate.swift in Sources */ = {isa = PBXBuildFile; fileRef = E38CFB5C282D633500C8B74D /* AppDelegate.swift */; };
		E38CFB5F282D633500C8B74D /* SceneDelegate.swift in Sources */ = {isa = PBXBuildFile; fileRef = E38CFB5E282D633500C8B74D /* SceneDelegate.swift */; };
		E38CFB61282D633500C8B74D /* ViewController.swift in Sources */ = {isa = PBXBuildFile; fileRef = E38CFB60282D633500C8B74D /* ViewController.swift */; };
		E38CFB64282D633500C8B74D /* Main.storyboard in Resources */ = {isa = PBXBuildFile; fileRef = E38CFB62282D633500C8B74D /* Main.storyboard */; };
		E38CFB66282D633700C8B74D /* Assets.xcassets in Resources */ = {isa = PBXBuildFile; fileRef = E38CFB65282D633700C8B74D /* Assets.xcassets */; };
		E38CFB69282D633700C8B74D /* LaunchScreen.storyboard in Resources */ = {isa = PBXBuildFile; fileRef = E38CFB67282D633700C8B74D /* LaunchScreen.storyboard */; };
		E38CFB74282D637F00C8B74D /* BuyViewController.swift in Sources */ = {isa = PBXBuildFile; fileRef = E38CFB73282D637F00C8B74D /* BuyViewController.swift */; };
		E38CFB76282D639600C8B74D /* AccountViewController.swift in Sources */ = {isa = PBXBuildFile; fileRef = E38CFB75282D639600C8B74D /* AccountViewController.swift */; };
		E38CFB7A282D63B400C8B74D /* Coordinator.swift in Sources */ = {isa = PBXBuildFile; fileRef = E38CFB77282D63B400C8B74D /* Coordinator.swift */; };
		E38CFB7B282D63B400C8B74D /* Storyboarded.swift in Sources */ = {isa = PBXBuildFile; fileRef = E38CFB78282D63B400C8B74D /* Storyboarded.swift */; };
		E38CFB7C282D63B400C8B74D /* AppCoordinator.swift in Sources */ = {isa = PBXBuildFile; fileRef = E38CFB79282D63B400C8B74D /* AppCoordinator.swift */; };
		E38CFB7E282D640600C8B74D /* BuyCoordinator.swift in Sources */ = {isa = PBXBuildFile; fileRef = E38CFB7D282D640600C8B74D /* BuyCoordinator.swift */; };
		E38CFB80282D683900C8B74D /* MainTabBarController.swift in Sources */ = {isa = PBXBuildFile; fileRef = E38CFB7F282D683900C8B74D /* MainTabBarController.swift */; };
/* End PBXBuildFile section */

/* Begin PBXFileReference section */
		E38CFB59282D633500C8B74D /* AdvancedCoordinatorPatternSample.app */ = {isa = PBXFileReference; explicitFileType = wrapper.application; includeInIndex = 0; path = AdvancedCoordinatorPatternSample.app; sourceTree = BUILT_PRODUCTS_DIR; };
		E38CFB5C282D633500C8B74D /* AppDelegate.swift */ = {isa = PBXFileReference; lastKnownFileType = sourcecode.swift; path = AppDelegate.swift; sourceTree = "<group>"; };
		E38CFB5E282D633500C8B74D /* SceneDelegate.swift */ = {isa = PBXFileReference; lastKnownFileType = sourcecode.swift; path = SceneDelegate.swift; sourceTree = "<group>"; };
		E38CFB60282D633500C8B74D /* ViewController.swift */ = {isa = PBXFileReference; lastKnownFileType = sourcecode.swift; path = ViewController.swift; sourceTree = "<group>"; };
		E38CFB63282D633500C8B74D /* Base */ = {isa = PBXFileReference; lastKnownFileType = file.storyboard; name = Base; path = Base.lproj/Main.storyboard; sourceTree = "<group>"; };
		E38CFB65282D633700C8B74D /* Assets.xcassets */ = {isa = PBXFileReference; lastKnownFileType = folder.assetcatalog; path = Assets.xcassets; sourceTree = "<group>"; };
		E38CFB68282D633700C8B74D /* Base */ = {isa = PBXFileReference; lastKnownFileType = file.storyboard; name = Base; path = Base.lproj/LaunchScreen.storyboard; sourceTree = "<group>"; };
		E38CFB6A282D633700C8B74D /* Info.plist */ = {isa = PBXFileReference; lastKnownFileType = text.plist.xml; path = Info.plist; sourceTree = "<group>"; };
		E38CFB73282D637F00C8B74D /* BuyViewController.swift */ = {isa = PBXFileReference; lastKnownFileType = sourcecode.swift; path = BuyViewController.swift; sourceTree = "<group>"; };
		E38CFB75282D639600C8B74D /* AccountViewController.swift */ = {isa = PBXFileReference; lastKnownFileType = sourcecode.swift; path = AccountViewController.swift; sourceTree = "<group>"; };
		E38CFB77282D63B400C8B74D /* Coordinator.swift */ = {isa = PBXFileReference; fileEncoding = 4; lastKnownFileType = sourcecode.swift; path = Coordinator.swift; sourceTree = "<group>"; };
		E38CFB78282D63B400C8B74D /* Storyboarded.swift */ = {isa = PBXFileReference; fileEncoding = 4; lastKnownFileType = sourcecode.swift; path = Storyboarded.swift; sourceTree = "<group>"; };
		E38CFB79282D63B400C8B74D /* AppCoordinator.swift */ = {isa = PBXFileReference; fileEncoding = 4; lastKnownFileType = sourcecode.swift; path = AppCoordinator.swift; sourceTree = "<group>"; };
		E38CFB7D282D640600C8B74D /* BuyCoordinator.swift */ = {isa = PBXFileReference; lastKnownFileType = sourcecode.swift; path = BuyCoordinator.swift; sourceTree = "<group>"; };
		E38CFB7F282D683900C8B74D /* MainTabBarController.swift */ = {isa = PBXFileReference; lastKnownFileType = sourcecode.swift; path = MainTabBarController.swift; sourceTree = "<group>"; };
/* End PBXFileReference section */

/* Begin PBXFrameworksBuildPhase section */
		E38CFB56282D633500C8B74D /* Frameworks */ = {
			isa = PBXFrameworksBuildPhase;
			buildActionMask = 2147483647;
			files = (
			);
			runOnlyForDeploymentPostprocessing = 0;
		};
/* End PBXFrameworksBuildPhase section */

/* Begin PBXGroup section */
		E38CFB50282D633500C8B74D = {
			isa = PBXGroup;
			children = (
				E38CFB5B282D633500C8B74D /* AdvancedCoordinatorPatternSample */,
				E38CFB5A282D633500C8B74D /* Products */,
			);
			sourceTree = "<group>";
		};
		E38CFB5A282D633500C8B74D /* Products */ = {
			isa = PBXGroup;
			children = (
				E38CFB59282D633500C8B74D /* AdvancedCoordinatorPatternSample.app */,
			);
			name = Products;
			sourceTree = "<group>";
		};
		E38CFB5B282D633500C8B74D /* AdvancedCoordinatorPatternSample */ = {
			isa = PBXGroup;
			children = (
				E38CFB72282D634E00C8B74D /* UI */,
				E38CFB70282D633D00C8B74D /* Main */,
				E38CFB6A282D633700C8B74D /* Info.plist */,
			);
			path = AdvancedCoordinatorPatternSample;
			sourceTree = "<group>";
		};
		E38CFB70282D633D00C8B74D /* Main */ = {
			isa = PBXGroup;
			children = (
				E38CFB5C282D633500C8B74D /* AppDelegate.swift */,
				E38CFB5E282D633500C8B74D /* SceneDelegate.swift */,
				E38CFB62282D633500C8B74D /* Main.storyboard */,
				E38CFB65282D633700C8B74D /* Assets.xcassets */,
				E38CFB67282D633700C8B74D /* LaunchScreen.storyboard */,
				E38CFB71282D634600C8B74D /* Coordinator */,
			);
			path = Main;
			sourceTree = "<group>";
		};
		E38CFB71282D634600C8B74D /* Coordinator */ = {
			isa = PBXGroup;
			children = (
				E38CFB79282D63B400C8B74D /* AppCoordinator.swift */,
				E38CFB77282D63B400C8B74D /* Coordinator.swift */,
				E38CFB78282D63B400C8B74D /* Storyboarded.swift */,
				E38CFB7D282D640600C8B74D /* BuyCoordinator.swift */,
				E38CFB7F282D683900C8B74D /* MainTabBarController.swift */,
			);
			path = Coordinator;
			sourceTree = "<group>";
		};
		E38CFB72282D634E00C8B74D /* UI */ = {
			isa = PBXGroup;
			children = (
				E38CFB60282D633500C8B74D /* ViewController.swift */,
				E38CFB73282D637F00C8B74D /* BuyViewController.swift */,
				E38CFB75282D639600C8B74D /* AccountViewController.swift */,
			);
			path = UI;
			sourceTree = "<group>";
		};
/* End PBXGroup section */

/* Begin PBXNativeTarget section */
		E38CFB58282D633500C8B74D /* AdvancedCoordinatorPatternSample */ = {
			isa = PBXNativeTarget;
			buildConfigurationList = E38CFB6D282D633700C8B74D /* Build configuration list for PBXNativeTarget "AdvancedCoordinatorPatternSample" */;
			buildPhases = (
				E38CFB55282D633500C8B74D /* Sources */,
				E38CFB56282D633500C8B74D /* Frameworks */,
				E38CFB57282D633500C8B74D /* Resources */,
			);
			buildRules = (
			);
			dependencies = (
			);
			name = AdvancedCoordinatorPatternSample;
			productName = AdvancedCoordinatorPatternSample;
			productReference = E38CFB59282D633500C8B74D /* AdvancedCoordinatorPatternSample.app */;
			productType = "com.apple.product-type.application";
		};
/* End PBXNativeTarget section */

/* Begin PBXProject section */
		E38CFB51282D633500C8B74D /* Project object */ = {
			isa = PBXProject;
			attributes = {
				BuildIndependentTargetsInParallel = 1;
				LastSwiftUpdateCheck = 1330;
				LastUpgradeCheck = 1330;
				TargetAttributes = {
					E38CFB58282D633500C8B74D = {
						CreatedOnToolsVersion = 13.3.1;
					};
				};
			};
			buildConfigurationList = E38CFB54282D633500C8B74D /* Build configuration list for PBXProject "AdvancedCoordinatorPatternSample" */;
			compatibilityVersion = "Xcode 13.0";
			developmentRegion = en;
			hasScannedForEncodings = 0;
			knownRegions = (
				en,
				Base,
			);
			mainGroup = E38CFB50282D633500C8B74D;
			productRefGroup = E38CFB5A282D633500C8B74D /* Products */;
			projectDirPath = "";
			projectRoot = "";
			targets = (
				E38CFB58282D633500C8B74D /* AdvancedCoordinatorPatternSample */,
			);
		};
/* End PBXProject section */

/* Begin PBXResourcesBuildPhase section */
		E38CFB57282D633500C8B74D /* Resources */ = {
			isa = PBXResourcesBuildPhase;
			buildActionMask = 2147483647;
			files = (
				E38CFB69282D633700C8B74D /* LaunchScreen.storyboard in Resources */,
				E38CFB66282D633700C8B74D /* Assets.xcassets in Resources */,
				E38CFB64282D633500C8B74D /* Main.storyboard in Resources */,
			);
			runOnlyForDeploymentPostprocessing = 0;
		};
/* End PBXResourcesBuildPhase section */

/* Begin PBXSourcesBuildPhase section */
		E38CFB55282D633500C8B74D /* Sources */ = {
			isa = PBXSourcesBuildPhase;
			buildActionMask = 2147483647;
			files = (
				E38CFB7E282D640600C8B74D /* BuyCoordinator.swift in Sources */,
				E38CFB61282D633500C8B74D /* ViewController.swift in Sources */,
				E38CFB80282D683900C8B74D /* MainTabBarController.swift in Sources */,
				E38CFB76282D639600C8B74D /* AccountViewController.swift in Sources */,
				E38CFB7A282D63B400C8B74D /* Coordinator.swift in Sources */,
				E38CFB74282D637F00C8B74D /* BuyViewController.swift in Sources */,
				E38CFB7C282D63B400C8B74D /* AppCoordinator.swift in Sources */,
				E38CFB5D282D633500C8B74D /* AppDelegate.swift in Sources */,
				E38CFB5F282D633500C8B74D /* SceneDelegate.swift in Sources */,
				E38CFB7B282D63B400C8B74D /* Storyboarded.swift in Sources */,
			);
			runOnlyForDeploymentPostprocessing = 0;
		};
/* End PBXSourcesBuildPhase section */

/* Begin PBXVariantGroup section */
		E38CFB62282D633500C8B74D /* Main.storyboard */ = {
			isa = PBXVariantGroup;
			children = (
				E38CFB63282D633500C8B74D /* Base */,
			);
			name = Main.storyboard;
			sourceTree = "<group>";
		};
		E38CFB67282D633700C8B74D /* LaunchScreen.storyboard */ = {
			isa = PBXVariantGroup;
			children = (
				E38CFB68282D633700C8B74D /* Base */,
			);
			name = LaunchScreen.storyboard;
			sourceTree = "<group>";
		};
/* End PBXVariantGroup section */

/* Begin XCBuildConfiguration section */
		E38CFB6B282D633700C8B74D /* Debug */ = {
			isa = XCBuildConfiguration;
			buildSettings = {
				ALWAYS_SEARCH_USER_PATHS = NO;
				CLANG_ANALYZER_NONNULL = YES;
				CLANG_ANALYZER_NUMBER_OBJECT_CONVERSION = YES_AGGRESSIVE;
				CLANG_CXX_LANGUAGE_STANDARD = "gnu++17";
				CLANG_ENABLE_MODULES = YES;
				CLANG_ENABLE_OBJC_ARC = YES;
				CLANG_ENABLE_OBJC_WEAK = YES;
				CLANG_WARN_BLOCK_CAPTURE_AUTORELEASING = YES;
				CLANG_WARN_BOOL_CONVERSION = YES;
				CLANG_WARN_COMMA = YES;
				CLANG_WARN_CONSTANT_CONVERSION = YES;
				CLANG_WARN_DEPRECATED_OBJC_IMPLEMENTATIONS = YES;
				CLANG_WARN_DIRECT_OBJC_ISA_USAGE = YES_ERROR;
				CLANG_WARN_DOCUMENTATION_COMMENTS = YES;
				CLANG_WARN_EMPTY_BODY = YES;
				CLANG_WARN_ENUM_CONVERSION = YES;
				CLANG_WARN_INFINITE_RECURSION = YES;
				CLANG_WARN_INT_CONVERSION = YES;
				CLANG_WARN_NON_LITERAL_NULL_CONVERSION = YES;
				CLANG_WARN_OBJC_IMPLICIT_RETAIN_SELF = YES;
				CLANG_WARN_OBJC_LITERAL_CONVERSION = YES;
				CLANG_WARN_OBJC_ROOT_CLASS = YES_ERROR;
				CLANG_WARN_QUOTED_INCLUDE_IN_FRAMEWORK_HEADER = YES;
				CLANG_WARN_RANGE_LOOP_ANALYSIS = YES;
				CLANG_WARN_STRICT_PROTOTYPES = YES;
				CLANG_WARN_SUSPICIOUS_MOVE = YES;
				CLANG_WARN_UNGUARDED_AVAILABILITY = YES_AGGRESSIVE;
				CLANG_WARN_UNREACHABLE_CODE = YES;
				CLANG_WARN__DUPLICATE_METHOD_MATCH = YES;
				COPY_PHASE_STRIP = NO;
				DEBUG_INFORMATION_FORMAT = dwarf;
				ENABLE_STRICT_OBJC_MSGSEND = YES;
				ENABLE_TESTABILITY = YES;
				GCC_C_LANGUAGE_STANDARD = gnu11;
				GCC_DYNAMIC_NO_PIC = NO;
				GCC_NO_COMMON_BLOCKS = YES;
				GCC_OPTIMIZATION_LEVEL = 0;
				GCC_PREPROCESSOR_DEFINITIONS = (
					"DEBUG=1",
					"$(inherited)",
				);
				GCC_WARN_64_TO_32_BIT_CONVERSION = YES;
				GCC_WARN_ABOUT_RETURN_TYPE = YES_ERROR;
				GCC_WARN_UNDECLARED_SELECTOR = YES;
				GCC_WARN_UNINITIALIZED_AUTOS = YES_AGGRESSIVE;
				GCC_WARN_UNUSED_FUNCTION = YES;
				GCC_WARN_UNUSED_VARIABLE = YES;
				IPHONEOS_DEPLOYMENT_TARGET = 15.4;
				MTL_ENABLE_DEBUG_INFO = INCLUDE_SOURCE;
				MTL_FAST_MATH = YES;
				ONLY_ACTIVE_ARCH = YES;
				SDKROOT = iphoneos;
				SWIFT_ACTIVE_COMPILATION_CONDITIONS = DEBUG;
				SWIFT_OPTIMIZATION_LEVEL = "-Onone";
			};
			name = Debug;
		};
		E38CFB6C282D633700C8B74D /* Release */ = {
			isa = XCBuildConfiguration;
			buildSettings = {
				ALWAYS_SEARCH_USER_PATHS = NO;
				CLANG_ANALYZER_NONNULL = YES;
				CLANG_ANALYZER_NUMBER_OBJECT_CONVERSION = YES_AGGRESSIVE;
				CLANG_CXX_LANGUAGE_STANDARD = "gnu++17";
				CLANG_ENABLE_MODULES = YES;
				CLANG_ENABLE_OBJC_ARC = YES;
				CLANG_ENABLE_OBJC_WEAK = YES;
				CLANG_WARN_BLOCK_CAPTURE_AUTORELEASING = YES;
				CLANG_WARN_BOOL_CONVERSION = YES;
				CLANG_WARN_COMMA = YES;
				CLANG_WARN_CONSTANT_CONVERSION = YES;
				CLANG_WARN_DEPRECATED_OBJC_IMPLEMENTATIONS = YES;
				CLANG_WARN_DIRECT_OBJC_ISA_USAGE = YES_ERROR;
				CLANG_WARN_DOCUMENTATION_COMMENTS = YES;
				CLANG_WARN_EMPTY_BODY = YES;
				CLANG_WARN_ENUM_CONVERSION = YES;
				CLANG_WARN_INFINITE_RECURSION = YES;
				CLANG_WARN_INT_CONVERSION = YES;
				CLANG_WARN_NON_LITERAL_NULL_CONVERSION = YES;
				CLANG_WARN_OBJC_IMPLICIT_RETAIN_SELF = YES;
				CLANG_WARN_OBJC_LITERAL_CONVERSION = YES;
				CLANG_WARN_OBJC_ROOT_CLASS = YES_ERROR;
				CLANG_WARN_QUOTED_INCLUDE_IN_FRAMEWORK_HEADER = YES;
				CLANG_WARN_RANGE_LOOP_ANALYSIS = YES;
				CLANG_WARN_STRICT_PROTOTYPES = YES;
				CLANG_WARN_SUSPICIOUS_MOVE = YES;
				CLANG_WARN_UNGUARDED_AVAILABILITY = YES_AGGRESSIVE;
				CLANG_WARN_UNREACHABLE_CODE = YES;
				CLANG_WARN__DUPLICATE_METHOD_MATCH = YES;
				COPY_PHASE_STRIP = NO;
				DEBUG_INFORMATION_FORMAT = "dwarf-with-dsym";
				ENABLE_NS_ASSERTIONS = NO;
				ENABLE_STRICT_OBJC_MSGSEND = YES;
				GCC_C_LANGUAGE_STANDARD = gnu11;
				GCC_NO_COMMON_BLOCKS = YES;
				GCC_WARN_64_TO_32_BIT_CONVERSION = YES;
				GCC_WARN_ABOUT_RETURN_TYPE = YES_ERROR;
				GCC_WARN_UNDECLARED_SELECTOR = YES;
				GCC_WARN_UNINITIALIZED_AUTOS = YES_AGGRESSIVE;
				GCC_WARN_UNUSED_FUNCTION = YES;
				GCC_WARN_UNUSED_VARIABLE = YES;
				IPHONEOS_DEPLOYMENT_TARGET = 15.4;
				MTL_ENABLE_DEBUG_INFO = NO;
				MTL_FAST_MATH = YES;
				SDKROOT = iphoneos;
				SWIFT_COMPILATION_MODE = wholemodule;
				SWIFT_OPTIMIZATION_LEVEL = "-O";
				VALIDATE_PRODUCT = YES;
			};
			name = Release;
		};
		E38CFB6E282D633700C8B74D /* Debug */ = {
			isa = XCBuildConfiguration;
			buildSettings = {
				ASSETCATALOG_COMPILER_APPICON_NAME = AppIcon;
				ASSETCATALOG_COMPILER_GLOBAL_ACCENT_COLOR_NAME = AccentColor;
				CODE_SIGN_IDENTITY = "Apple Development";
				CODE_SIGN_STYLE = Automatic;
				CURRENT_PROJECT_VERSION = 1;
				DEVELOPMENT_TEAM = Q85YHC739D;
				GENERATE_INFOPLIST_FILE = YES;
				INFOPLIST_FILE = AdvancedCoordinatorPatternSample/Info.plist;
				INFOPLIST_KEY_UIApplicationSupportsIndirectInputEvents = YES;
				INFOPLIST_KEY_UILaunchStoryboardName = LaunchScreen;
				INFOPLIST_KEY_UIMainStoryboardFile = Main;
				INFOPLIST_KEY_UISupportedInterfaceOrientations_iPad = "UIInterfaceOrientationPortrait UIInterfaceOrientationPortraitUpsideDown UIInterfaceOrientationLandscapeLeft UIInterfaceOrientationLandscapeRight";
				INFOPLIST_KEY_UISupportedInterfaceOrientations_iPhone = "UIInterfaceOrientationPortrait UIInterfaceOrientationLandscapeLeft UIInterfaceOrientationLandscapeRight";
				LD_RUNPATH_SEARCH_PATHS = (
					"$(inherited)",
					"@executable_path/Frameworks",
				);
				MARKETING_VERSION = 1.0;
				PRODUCT_BUNDLE_IDENTIFIER = com.ertasahmet.AdvancedCoordinatorPatternSample;
				PRODUCT_NAME = "$(TARGET_NAME)";
				PROVISIONING_PROFILE_SPECIFIER = "";
				SWIFT_EMIT_LOC_STRINGS = YES;
				SWIFT_VERSION = 5.0;
				TARGETED_DEVICE_FAMILY = "1,2";
			};
			name = Debug;
		};
		E38CFB6F282D633700C8B74D /* Release */ = {
			isa = XCBuildConfiguration;
			buildSettings = {
				ASSETCATALOG_COMPILER_APPICON_NAME = AppIcon;
				ASSETCATALOG_COMPILER_GLOBAL_ACCENT_COLOR_NAME = AccentColor;
				CODE_SIGN_IDENTITY = "Apple Development";
				CODE_SIGN_STYLE = Automatic;
				CURRENT_PROJECT_VERSION = 1;
				DEVELOPMENT_TEAM = Q85YHC739D;
				GENERATE_INFOPLIST_FILE = YES;
				INFOPLIST_FILE = AdvancedCoordinatorPatternSample/Info.plist;
				INFOPLIST_KEY_UIApplicationSupportsIndirectInputEvents = YES;
				INFOPLIST_KEY_UILaunchStoryboardName = LaunchScreen;
				INFOPLIST_KEY_UIMainStoryboardFile = Main;
				INFOPLIST_KEY_UISupportedInterfaceOrientations_iPad = "UIInterfaceOrientationPortrait UIInterfaceOrientationPortraitUpsideDown UIInterfaceOrientationLandscapeLeft UIInterfaceOrientationLandscapeRight";
				INFOPLIST_KEY_UISupportedInterfaceOrientations_iPhone = "UIInterfaceOrientationPortrait UIInterfaceOrientationLandscapeLeft UIInterfaceOrientationLandscapeRight";
				LD_RUNPATH_SEARCH_PATHS = (
					"$(inherited)",
					"@executable_path/Frameworks",
				);
				MARKETING_VERSION = 1.0;
				PRODUCT_BUNDLE_IDENTIFIER = com.ertasahmet.AdvancedCoordinatorPatternSample;
				PRODUCT_NAME = "$(TARGET_NAME)";
				PROVISIONING_PROFILE_SPECIFIER = "";
				SWIFT_EMIT_LOC_STRINGS = YES;
				SWIFT_VERSION = 5.0;
				TARGETED_DEVICE_FAMILY = "1,2";
			};
			name = Release;
		};
/* End XCBuildConfiguration section */

/* Begin XCConfigurationList section */
		E38CFB54282D633500C8B74D /* Build configuration list for PBXProject "AdvancedCoordinatorPatternSample" */ = {
			isa = XCConfigurationList;
			buildConfigurations = (
				E38CFB6B282D633700C8B74D /* Debug */,
				E38CFB6C282D633700C8B74D /* Release */,
			);
			defaultConfigurationIsVisible = 0;
			defaultConfigurationName = Release;
		};
		E38CFB6D282D633700C8B74D /* Build configuration list for PBXNativeTarget "AdvancedCoordinatorPatternSample" */ = {
			isa = XCConfigurationList;
			buildConfigurations = (
				E38CFB6E282D633700C8B74D /* Debug */,
				E38CFB6F282D633700C8B74D /* Release */,
			);
			defaultConfigurationIsVisible = 0;
			defaultConfigurationName = Release;
		};
/* End XCConfigurationList section */
	};
	rootObject = E38CFB51282D633500C8B74D /* Project object */;
}
